github.com/eapache/go-resiliency v1.2.0 h1:v7g92e/KSN71Rq7vSThKaWIq68fL4YHvWyiUKorFR1Q=
github.com/eapache/go-resiliency v1.2.0/go.mod h1:kFI+JgMyC7bLPUVY133qvEBtVayf5mFgVsvEsIPBvNs=
github.com/eapache/queue v1.1.0 h1:YOEu7KNc61ntiQlcEeUIoDTJ2o8mQznoNvUhiigpIqc=
github.com/eapache/queue v1.1.0/go.mod h1:6eCeP0CKFpHLu8blIFXhExK/dRa7WDZfr6jVFPTqq+I=
github.com/go-playground/locales v0.13.0 h1:HyWk6mgj5qFqCT5fjGBuRArbVDfE4hi8+e8ceBS/t7Q=
github.com/go-playground/locales v0.13.0/go.mod h1:taPMhCMXrRLJO55olJkUXHZBHCxTMfnGwq/HNwmWNS8=
github.com/sqs/goreturns v0.0.0-20181028201513-538ac6014518 h1:iD+PFTQwKEmbwSdwfvP5ld2WEI/g7qbdhmHJ2ASfYGs=
github.com/sqs/goreturns v0.0.0-20181028201513-538ac6014518/go.mod h1:CKI4AZ4XmGV240rTHfO0hfE83S6/a3/Q1siZJ/vXf7A=
golang.org/x/text v0.3.2/go.mod h1:bEr9sfX3Q8Zfm5fL9x+3itogRgK3+ptLWKqgva+5dAk=
golang.org/x/tools v0.0.0-20180917221912-90fa682c2a6e/go.mod h1:n7NCudcB/nEzxVGmLbDWY5pfWTLqBcC2KZ6jyYvM4mQ=
